
Microsoft Visual Studio Solution File, Format Version 12.00
# Visual Studio Version 16
VisualStudioVersion = 16.0.30204.135
MinimumVisualStudioVersion = 10.0.40219.1
Project("{9A19103F-16F7-4668-BE54-9A1E7A4F7556}") = "Server", "So.GrpcDemo.GrpcServer\Server.csproj", "{19B12C86-7045-4970-8738-338552BDC3AD}"
EndProject
Project("{9A19103F-16F7-4668-BE54-9A1E7A4F7556}") = "Common", "Common\Common.csproj", "{52F00071-9E88-4607-8023-B683BD3D7E3E}"
EndProject
Project("{2150E333-8FDC-42A3-9474-1A3956D46DE8}") = "direct", "direct", "{4300E856-3611-48F2-8523-BFE304C2F2A8}"
EndProject
Project("{9A19103F-16F7-4668-BE54-9A1E7A4F7556}") = "Client", "ServiceClient.Grpc\Client.csproj", "{1DC36D3F-2046-447B-A840-120931686387}"
EndProject
Project("{9A19103F-16F7-4668-BE54-9A1E7A4F7556}") = "ClientApp", "ClientApp\ClientApp.csproj", "{FBBBB8DE-43CC-44B1-B911-29F971E5472E}"
EndProject
Project("{2150E333-8FDC-42A3-9474-1A3956D46DE8}") = "grpc", "grpc", "{297611FD-E4D2-4655-94C4-3DBC438AA28A}"
EndProject
Project("{9A19103F-16F7-4668-BE54-9A1E7A4F7556}") = "Grpc.Common", "So.Demo.Grpc.Common\Grpc.Common.csproj", "{E2CECC83-8BDA-4171-A1F1-ED0EA1D72EB0}"
EndProject
Project("{9A19103F-16F7-4668-BE54-9A1E7A4F7556}") = "So.Grpc.FluentApi", "So.Grpc.FluentApi\So.Grpc.FluentApi.csproj", "{0C4802CB-38F7-4A0F-B664-41FB35649C9F}"
EndProject
Project("{9A19103F-16F7-4668-BE54-9A1E7A4F7556}") = "ServiceClientLoader", "So.Demo.ServiceClientLoader\ServiceClientLoader.csproj", "{52AC0E84-EC1E-4B5F-8C2A-E9D32A011E2E}"
EndProject
Project("{FAE04EC0-301F-11D3-BF4B-00C04F79EFBC}") = "ServerWithMapper", "So.Demo.Grpc.ServerWithMapper\ServerWithMapper.csproj", "{F0598222-659C-468D-9F87-C270F7DA1897}"
EndProject
Project("{2150E333-8FDC-42A3-9474-1A3956D46DE8}") = "json", "json", "{F760F3B3-AAFF-4E26-B0A7-DD74C48CBC87}"
EndProject
Project("{FAE04EC0-301F-11D3-BF4B-00C04F79EFBC}") = "Json.Server", "So.Demo.Json.Server\Json.Server.csproj", "{42F8C7F6-7C2D-4AD4-88D1-829F1DCEBA96}"
EndProject
Project("{FAE04EC0-301F-11D3-BF4B-00C04F79EFBC}") = "Json.Client", "So.Demo.Json.Client\Json.Client.csproj", "{64C0B69C-B179-47C2-8A59-441CAA0C7B6F}"
EndProject
Project("{FAE04EC0-301F-11D3-BF4B-00C04F79EFBC}") = "Direct.Client", "Direct.Client\Direct.Client.csproj", "{458BA556-3CF5-4B4B-B6DF-EEFEB67DCEB2}"
EndProject
Global
	GlobalSection(SolutionConfigurationPlatforms) = preSolution
		Debug|Any CPU = Debug|Any CPU
		Release|Any CPU = Release|Any CPU
	EndGlobalSection
	GlobalSection(ProjectConfigurationPlatforms) = postSolution
		{19B12C86-7045-4970-8738-338552BDC3AD}.Debug|Any CPU.ActiveCfg = Debug|Any CPU
		{19B12C86-7045-4970-8738-338552BDC3AD}.Debug|Any CPU.Build.0 = Debug|Any CPU
		{19B12C86-7045-4970-8738-338552BDC3AD}.Release|Any CPU.ActiveCfg = Release|Any CPU
		{19B12C86-7045-4970-8738-338552BDC3AD}.Release|Any CPU.Build.0 = Release|Any CPU
		{52F00071-9E88-4607-8023-B683BD3D7E3E}.Debug|Any CPU.ActiveCfg = Debug|Any CPU
		{52F00071-9E88-4607-8023-B683BD3D7E3E}.Debug|Any CPU.Build.0 = Debug|Any CPU
		{52F00071-9E88-4607-8023-B683BD3D7E3E}.Release|Any CPU.ActiveCfg = Release|Any CPU
		{52F00071-9E88-4607-8023-B683BD3D7E3E}.Release|Any CPU.Build.0 = Release|Any CPU
		{1DC36D3F-2046-447B-A840-120931686387}.Debug|Any CPU.ActiveCfg = Debug|Any CPU
		{1DC36D3F-2046-447B-A840-120931686387}.Debug|Any CPU.Build.0 = Debug|Any CPU
		{1DC36D3F-2046-447B-A840-120931686387}.Release|Any CPU.ActiveCfg = Release|Any CPU
		{1DC36D3F-2046-447B-A840-120931686387}.Release|Any CPU.Build.0 = Release|Any CPU
		{FBBBB8DE-43CC-44B1-B911-29F971E5472E}.Debug|Any CPU.ActiveCfg = Debug|Any CPU
		{FBBBB8DE-43CC-44B1-B911-29F971E5472E}.Debug|Any CPU.Build.0 = Debug|Any CPU
		{FBBBB8DE-43CC-44B1-B911-29F971E5472E}.Release|Any CPU.ActiveCfg = Release|Any CPU
		{FBBBB8DE-43CC-44B1-B911-29F971E5472E}.Release|Any CPU.Build.0 = Release|Any CPU
		{E2CECC83-8BDA-4171-A1F1-ED0EA1D72EB0}.Debug|Any CPU.ActiveCfg = Debug|Any CPU
		{E2CECC83-8BDA-4171-A1F1-ED0EA1D72EB0}.Debug|Any CPU.Build.0 = Debug|Any CPU
		{E2CECC83-8BDA-4171-A1F1-ED0EA1D72EB0}.Release|Any CPU.ActiveCfg = Release|Any CPU
		{E2CECC83-8BDA-4171-A1F1-ED0EA1D72EB0}.Release|Any CPU.Build.0 = Release|Any CPU
		{0C4802CB-38F7-4A0F-B664-41FB35649C9F}.Debug|Any CPU.ActiveCfg = Debug|Any CPU
		{0C4802CB-38F7-4A0F-B664-41FB35649C9F}.Debug|Any CPU.Build.0 = Debug|Any CPU
		{0C4802CB-38F7-4A0F-B664-41FB35649C9F}.Release|Any CPU.ActiveCfg = Release|Any CPU
		{0C4802CB-38F7-4A0F-B664-41FB35649C9F}.Release|Any CPU.Build.0 = Release|Any CPU
		{52AC0E84-EC1E-4B5F-8C2A-E9D32A011E2E}.Debug|Any CPU.ActiveCfg = Debug|Any CPU
		{52AC0E84-EC1E-4B5F-8C2A-E9D32A011E2E}.Debug|Any CPU.Build.0 = Debug|Any CPU
		{52AC0E84-EC1E-4B5F-8C2A-E9D32A011E2E}.Release|Any CPU.ActiveCfg = Release|Any CPU
		{52AC0E84-EC1E-4B5F-8C2A-E9D32A011E2E}.Release|Any CPU.Build.0 = Release|Any CPU
		{F0598222-659C-468D-9F87-C270F7DA1897}.Debug|Any CPU.ActiveCfg = Debug|Any CPU
		{F0598222-659C-468D-9F87-C270F7DA1897}.Debug|Any CPU.Build.0 = Debug|Any CPU
		{F0598222-659C-468D-9F87-C270F7DA1897}.Release|Any CPU.ActiveCfg = Release|Any CPU
		{F0598222-659C-468D-9F87-C270F7DA1897}.Release|Any CPU.Build.0 = Release|Any CPU
		{42F8C7F6-7C2D-4AD4-88D1-829F1DCEBA96}.Debug|Any CPU.ActiveCfg = Debug|Any CPU
		{42F8C7F6-7C2D-4AD4-88D1-829F1DCEBA96}.Debug|Any CPU.Build.0 = Debug|Any CPU
		{42F8C7F6-7C2D-4AD4-88D1-829F1DCEBA96}.Release|Any CPU.ActiveCfg = Release|Any CPU
		{42F8C7F6-7C2D-4AD4-88D1-829F1DCEBA96}.Release|Any CPU.Build.0 = Release|Any CPU
		{64C0B69C-B179-47C2-8A59-441CAA0C7B6F}.Debug|Any CPU.ActiveCfg = Debug|Any CPU
		{64C0B69C-B179-47C2-8A59-441CAA0C7B6F}.Debug|Any CPU.Build.0 = Debug|Any CPU
		{64C0B69C-B179-47C2-8A59-441CAA0C7B6F}.Release|Any CPU.ActiveCfg = Release|Any CPU
		{64C0B69C-B179-47C2-8A59-441CAA0C7B6F}.Release|Any CPU.Build.0 = Release|Any CPU
		{458BA556-3CF5-4B4B-B6DF-EEFEB67DCEB2}.Debug|Any CPU.ActiveCfg = Debug|Any CPU
		{458BA556-3CF5-4B4B-B6DF-EEFEB67DCEB2}.Debug|Any CPU.Build.0 = Debug|Any CPU
		{458BA556-3CF5-4B4B-B6DF-EEFEB67DCEB2}.Release|Any CPU.ActiveCfg = Release|Any CPU
		{458BA556-3CF5-4B4B-B6DF-EEFEB67DCEB2}.Release|Any CPU.Build.0 = Release|Any CPU
	EndGlobalSection
	GlobalSection(SolutionProperties) = preSolution
		HideSolutionNode = FALSE
	EndGlobalSection
	GlobalSection(NestedProjects) = preSolution
		{19B12C86-7045-4970-8738-338552BDC3AD} = {297611FD-E4D2-4655-94C4-3DBC438AA28A}
		{1DC36D3F-2046-447B-A840-120931686387} = {297611FD-E4D2-4655-94C4-3DBC438AA28A}
		{E2CECC83-8BDA-4171-A1F1-ED0EA1D72EB0} = {297611FD-E4D2-4655-94C4-3DBC438AA28A}
		{0C4802CB-38F7-4A0F-B664-41FB35649C9F} = {297611FD-E4D2-4655-94C4-3DBC438AA28A}
		{F0598222-659C-468D-9F87-C270F7DA1897} = {297611FD-E4D2-4655-94C4-3DBC438AA28A}
		{42F8C7F6-7C2D-4AD4-88D1-829F1DCEBA96} = {F760F3B3-AAFF-4E26-B0A7-DD74C48CBC87}
		{64C0B69C-B179-47C2-8A59-441CAA0C7B6F} = {F760F3B3-AAFF-4E26-B0A7-DD74C48CBC87}
		{458BA556-3CF5-4B4B-B6DF-EEFEB67DCEB2} = {4300E856-3611-48F2-8523-BFE304C2F2A8}
	EndGlobalSection
	GlobalSection(ExtensibilityGlobals) = postSolution
		SolutionGuid = {F1191495-31F0-4897-BF5E-D55E8185106E}
	EndGlobalSection
EndGlobal
